
Microsoft Visual Studio Solution File, Format Version 12.00
# Visual Studio Version 17
VisualStudioVersion = 17.9.34714.143
MinimumVisualStudioVersion = 10.0.40219.1
Project("{9A19103F-16F7-4668-BE54-9A1E7A4F7556}") = "InterfaceDemo", "..\..\..\DotNetTraining\Day2\InterfaceDemo\InterfaceDemo.csproj", "{76FA5399-1825-4F75-AB4C-58A0AD4B6473}"
EndProject
Project("{9A19103F-16F7-4668-BE54-9A1E7A4F7556}") = "FlightReservationSystem", "..\..\..\DotNetTraining\Day3\FlightReservationSystem\FlightReservationSystem.csproj", "{E756DDC0-6AAB-4057-BE6A-E965349C0F79}"
EndProject
Project("{9A19103F-16F7-4668-BE54-9A1E7A4F7556}") = "BigElement", "bigElement\BigElement.csproj", "{0608ECA5-D00B-4A89-A561-2C256980ACD9}"
EndProject
Project("{9A19103F-16F7-4668-BE54-9A1E7A4F7556}") = "SameElements", "sameElements\SameElements.csproj", "{422BCF70-0E9D-427C-A797-76C446965CDA}"
EndProject
Project("{9A19103F-16F7-4668-BE54-9A1E7A4F7556}") = "ArraySort", "ArraySort\ArraySort.csproj", "{754ABFFA-01CA-46B2-A1AD-AFEB292B75AB}"
EndProject
Project("{9A19103F-16F7-4668-BE54-9A1E7A4F7556}") = "ReverseString", "ReverseString\ReverseString.csproj", "{AB961F29-DFC5-4241-AD10-4601F03BA584}"
EndProject
Project("{9A19103F-16F7-4668-BE54-9A1E7A4F7556}") = "DigitsTotal", "DigitsTotal\DigitsTotal.csproj", "{A6BE917A-B09B-45E2-ADD7-B10C8719B199}"
EndProject
Project("{9A19103F-16F7-4668-BE54-9A1E7A4F7556}") = "CharOccurence", "CharOccurence\CharOccurence.csproj", "{9BA46ED1-88D7-44C2-BF91-BC19BA636EBD}"
EndProject
Project("{9A19103F-16F7-4668-BE54-9A1E7A4F7556}") = "RepeatedElements", "RepeatedElements\RepeatedElements.csproj", "{551736DA-38A6-40A7-8B9F-B029DC46351F}"
EndProject
Project("{9A19103F-16F7-4668-BE54-9A1E7A4F7556}") = "NumberReverse", "NumberReverse\NumberReverse.csproj", "{62714DAA-87B8-4FCB-A260-60DDABFC2B17}"
EndProject
Project("{9A19103F-16F7-4668-BE54-9A1E7A4F7556}") = "PowerOfNumber", "PowerOfNumber\PowerOfNumber.csproj", "{8B0E3608-2A6E-4A8F-BCD8-E1BCAAFB6264}"
EndProject
Project("{9A19103F-16F7-4668-BE54-9A1E7A4F7556}") = "SortingTechniquies", "SortingTechniquies\SortingTechniquies.csproj", "{2E2D6283-58EB-44AD-BAC7-A967D5445F53}"
EndProject
Project("{9A19103F-16F7-4668-BE54-9A1E7A4F7556}") = "Factorial", "Factorial\Factorial.csproj", "{42D14243-1C4F-4C75-BE4D-11552FF02836}"
EndProject
Project("{9A19103F-16F7-4668-BE54-9A1E7A4F7556}") = "PatternPrinting", "PatternPrinting\PatternPrinting.csproj", "{E8C7003D-7FC5-49B8-902D-55BBDFFCD79C}"
EndProject
Global
	GlobalSection(SolutionConfigurationPlatforms) = preSolution
		Debug|Any CPU = Debug|Any CPU
		Release|Any CPU = Release|Any CPU
	EndGlobalSection
	GlobalSection(ProjectConfigurationPlatforms) = postSolution
		{76FA5399-1825-4F75-AB4C-58A0AD4B6473}.Debug|Any CPU.ActiveCfg = Debug|Any CPU
		{76FA5399-1825-4F75-AB4C-58A0AD4B6473}.Debug|Any CPU.Build.0 = Debug|Any CPU
		{76FA5399-1825-4F75-AB4C-58A0AD4B6473}.Release|Any CPU.ActiveCfg = Release|Any CPU
		{76FA5399-1825-4F75-AB4C-58A0AD4B6473}.Release|Any CPU.Build.0 = Release|Any CPU
		{E756DDC0-6AAB-4057-BE6A-E965349C0F79}.Debug|Any CPU.ActiveCfg = Debug|Any CPU
		{E756DDC0-6AAB-4057-BE6A-E965349C0F79}.Debug|Any CPU.Build.0 = Debug|Any CPU
		{E756DDC0-6AAB-4057-BE6A-E965349C0F79}.Release|Any CPU.ActiveCfg = Release|Any CPU
		{E756DDC0-6AAB-4057-BE6A-E965349C0F79}.Release|Any CPU.Build.0 = Release|Any CPU
		{0608ECA5-D00B-4A89-A561-2C256980ACD9}.Debug|Any CPU.ActiveCfg = Debug|Any CPU
		{0608ECA5-D00B-4A89-A561-2C256980ACD9}.Debug|Any CPU.Build.0 = Debug|Any CPU
		{0608ECA5-D00B-4A89-A561-2C256980ACD9}.Release|Any CPU.ActiveCfg = Release|Any CPU
		{0608ECA5-D00B-4A89-A561-2C256980ACD9}.Release|Any CPU.Build.0 = Release|Any CPU
		{422BCF70-0E9D-427C-A797-76C446965CDA}.Debug|Any CPU.ActiveCfg = Debug|Any CPU
		{422BCF70-0E9D-427C-A797-76C446965CDA}.Debug|Any CPU.Build.0 = Debug|Any CPU
		{422BCF70-0E9D-427C-A797-76C446965CDA}.Release|Any CPU.ActiveCfg = Release|Any CPU
		{422BCF70-0E9D-427C-A797-76C446965CDA}.Release|Any CPU.Build.0 = Release|Any CPU
		{754ABFFA-01CA-46B2-A1AD-AFEB292B75AB}.Debug|Any CPU.ActiveCfg = Debug|Any CPU
		{754ABFFA-01CA-46B2-A1AD-AFEB292B75AB}.Debug|Any CPU.Build.0 = Debug|Any CPU
		{754ABFFA-01CA-46B2-A1AD-AFEB292B75AB}.Release|Any CPU.ActiveCfg = Release|Any CPU
		{754ABFFA-01CA-46B2-A1AD-AFEB292B75AB}.Release|Any CPU.Build.0 = Release|Any CPU
		{AB961F29-DFC5-4241-AD10-4601F03BA584}.Debug|Any CPU.ActiveCfg = Debug|Any CPU
		{AB961F29-DFC5-4241-AD10-4601F03BA584}.Debug|Any CPU.Build.0 = Debug|Any CPU
		{AB961F29-DFC5-4241-AD10-4601F03BA584}.Release|Any CPU.ActiveCfg = Release|Any CPU
		{AB961F29-DFC5-4241-AD10-4601F03BA584}.Release|Any CPU.Build.0 = Release|Any CPU
		{A6BE917A-B09B-45E2-ADD7-B10C8719B199}.Debug|Any CPU.ActiveCfg = Debug|Any CPU
		{A6BE917A-B09B-45E2-ADD7-B10C8719B199}.Debug|Any CPU.Build.0 = Debug|Any CPU
		{A6BE917A-B09B-45E2-ADD7-B10C8719B199}.Release|Any CPU.ActiveCfg = Release|Any CPU
		{A6BE917A-B09B-45E2-ADD7-B10C8719B199}.Release|Any CPU.Build.0 = Release|Any CPU
		{9BA46ED1-88D7-44C2-BF91-BC19BA636EBD}.Debug|Any CPU.ActiveCfg = Debug|Any CPU
		{9BA46ED1-88D7-44C2-BF91-BC19BA636EBD}.Debug|Any CPU.Build.0 = Debug|Any CPU
		{9BA46ED1-88D7-44C2-BF91-BC19BA636EBD}.Release|Any CPU.ActiveCfg = Release|Any CPU
		{9BA46ED1-88D7-44C2-BF91-BC19BA636EBD}.Release|Any CPU.Build.0 = Release|Any CPU
		{551736DA-38A6-40A7-8B9F-B029DC46351F}.Debug|Any CPU.ActiveCfg = Debug|Any CPU
		{551736DA-38A6-40A7-8B9F-B029DC46351F}.Debug|Any CPU.Build.0 = Debug|Any CPU
		{551736DA-38A6-40A7-8B9F-B029DC46351F}.Release|Any CPU.ActiveCfg = Release|Any CPU
		{551736DA-38A6-40A7-8B9F-B029DC46351F}.Release|Any CPU.Build.0 = Release|Any CPU
		{62714DAA-87B8-4FCB-A260-60DDABFC2B17}.Debug|Any CPU.ActiveCfg = Debug|Any CPU
		{62714DAA-87B8-4FCB-A260-60DDABFC2B17}.Debug|Any CPU.Build.0 = Debug|Any CPU
		{62714DAA-87B8-4FCB-A260-60DDABFC2B17}.Release|Any CPU.ActiveCfg = Release|Any CPU
		{62714DAA-87B8-4FCB-A260-60DDABFC2B17}.Release|Any CPU.Build.0 = Release|Any CPU
		{8B0E3608-2A6E-4A8F-BCD8-E1BCAAFB6264}.Debug|Any CPU.ActiveCfg = Debug|Any CPU
		{8B0E3608-2A6E-4A8F-BCD8-E1BCAAFB6264}.Debug|Any CPU.Build.0 = Debug|Any CPU
		{8B0E3608-2A6E-4A8F-BCD8-E1BCAAFB6264}.Release|Any CPU.ActiveCfg = Release|Any CPU
		{8B0E3608-2A6E-4A8F-BCD8-E1BCAAFB6264}.Release|Any CPU.Build.0 = Release|Any CPU
		{2E2D6283-58EB-44AD-BAC7-A967D5445F53}.Debug|Any CPU.ActiveCfg = Debug|Any CPU
		{2E2D6283-58EB-44AD-BAC7-A967D5445F53}.Debug|Any CPU.Build.0 = Debug|Any CPU
		{2E2D6283-58EB-44AD-BAC7-A967D5445F53}.Release|Any CPU.ActiveCfg = Release|Any CPU
		{2E2D6283-58EB-44AD-BAC7-A967D5445F53}.Release|Any CPU.Build.0 = Release|Any CPU
		{42D14243-1C4F-4C75-BE4D-11552FF02836}.Debug|Any CPU.ActiveCfg = Debug|Any CPU
		{42D14243-1C4F-4C75-BE4D-11552FF02836}.Debug|Any CPU.Build.0 = Debug|Any CPU
		{42D14243-1C4F-4C75-BE4D-11552FF02836}.Release|Any CPU.ActiveCfg = Release|Any CPU
		{42D14243-1C4F-4C75-BE4D-11552FF02836}.Release|Any CPU.Build.0 = Release|Any CPU
		{E8C7003D-7FC5-49B8-902D-55BBDFFCD79C}.Debug|Any CPU.ActiveCfg = Debug|Any CPU
		{E8C7003D-7FC5-49B8-902D-55BBDFFCD79C}.Debug|Any CPU.Build.0 = Debug|Any CPU
		{E8C7003D-7FC5-49B8-902D-55BBDFFCD79C}.Release|Any CPU.ActiveCfg = Release|Any CPU
		{E8C7003D-7FC5-49B8-902D-55BBDFFCD79C}.Release|Any CPU.Build.0 = Release|Any CPU
	EndGlobalSection
	GlobalSection(SolutionProperties) = preSolution
		HideSolutionNode = FALSE
	EndGlobalSection
	GlobalSection(ExtensibilityGlobals) = postSolution
		SolutionGuid = {886813D2-9C15-490C-BE9D-116BA7AA240B}
	EndGlobalSection
EndGlobal
